
Microsoft Visual Studio Solution File, Format Version 12.00
Project("{FAE04EC0-301F-11D3-BF4B-00C04F79EFBC}") = "WebApp", "WebApp\WebApp.csproj", "{4BDFC74D-9A47-4B34-96B7-0BA1886AD60B}"
EndProject
Project("{2150E333-8FDC-42A3-9474-1A3956D46DE8}") = "SolutionItems", "SolutionItems", "{EC710F88-9839-46EE-ACD5-CB1CE26B4C3B}"
	ProjectSection(SolutionItems) = preProject
		..\.gitignore = ..\.gitignore
		..\docker-compose.yml = ..\docker-compose.yml
		..\README.md = ..\README.md
	EndProjectSection
EndProject
Project("{2150E333-8FDC-42A3-9474-1A3956D46DE8}") = "App", "App", "{417BD226-6F41-4190-B96C-6E6A37562B32}"
EndProject
Project("{2150E333-8FDC-42A3-9474-1A3956D46DE8}") = "Base", "Base", "{4D5E24FB-43D7-4A79-A075-B7247E4056FB}"
EndProject
Project("{FAE04EC0-301F-11D3-BF4B-00C04F79EFBC}") = "App.DAL.EF", "App.DAL.EF\App.DAL.EF.csproj", "{E586E073-588F-4F28-A278-70DA153F7DE2}"
EndProject
Project("{FAE04EC0-301F-11D3-BF4B-00C04F79EFBC}") = "App.Domain", "App.Domain\App.Domain.csproj", "{FFFB872F-F365-4D67-9C8D-D1AAE5264584}"
EndProject
Project("{2150E333-8FDC-42A3-9474-1A3956D46DE8}") = "Contracts", "Contracts", "{8976FBAD-9DD4-4104-A690-CACF1570293F}"
EndProject
Project("{FAE04EC0-301F-11D3-BF4B-00C04F79EFBC}") = "Base.Contracts.Domain", "Base.Contracts.Domain\Base.Contracts.Domain.csproj", "{DB3587AB-B0E0-4CEF-9A97-17D5CC7B40B5}"
EndProject
Project("{FAE04EC0-301F-11D3-BF4B-00C04F79EFBC}") = "Base.Domain", "Base.Domain\Base.Domain.csproj", "{9096E434-3A01-486A-9F8C-8055A384B775}"
EndProject
Project("{FAE04EC0-301F-11D3-BF4B-00C04F79EFBC}") = "Base.Contracts.DAL", "Base.Contracts.DAL\Base.Contracts.DAL.csproj", "{7268FC67-2B0F-4946-90E5-288FEB9C22B6}"
EndProject
Project("{FAE04EC0-301F-11D3-BF4B-00C04F79EFBC}") = "Base.DAL.EF", "Base.DAL.EF\Base.DAL.EF.csproj", "{19F7D2A7-3C42-40F6-AB5D-EC0879446AE1}"
EndProject
Project("{2150E333-8FDC-42A3-9474-1A3956D46DE8}") = "Contracts", "Contracts", "{FA543F4E-0933-4121-AAD0-11BF280C030F}"
EndProject
Project("{FAE04EC0-301F-11D3-BF4B-00C04F79EFBC}") = "App.Contracts.DAL", "App.Contracts.DAL\App.Contracts.DAL.csproj", "{B13F4AFD-0057-4AD5-8725-A55BF2B1C3DE}"
EndProject
Project("{FAE04EC0-301F-11D3-BF4B-00C04F79EFBC}") = "Base.Helpers", "Base.Helpers\Base.Helpers.csproj", "{0D005880-2D17-425A-969A-42DF9590989C}"
EndProject
Project("{FAE04EC0-301F-11D3-BF4B-00C04F79EFBC}") = "Public.DTO", "Public.DTO\Public.DTO.csproj", "{7A2528F0-4958-435D-918E-791188822E92}"
EndProject
Project("{FAE04EC0-301F-11D3-BF4B-00C04F79EFBC}") = "App.Contracts.BLL", "App.Contracts.BLL\App.Contracts.BLL.csproj", "{F02DA6B1-C939-4E7B-BCC2-244F5069233A}"
EndProject
Project("{FAE04EC0-301F-11D3-BF4B-00C04F79EFBC}") = "Base.Contracts.BLL", "Base.Contracts.BLL\Base.Contracts.BLL.csproj", "{EF200465-3B19-4309-A48F-E7C12226A454}"
EndProject
Project("{FAE04EC0-301F-11D3-BF4B-00C04F79EFBC}") = "Base.Contracts", "Base.Contracts\Base.Contracts.csproj", "{E49037F6-6193-40ED-A55B-9E1D3584EFDF}"
EndProject
Project("{FAE04EC0-301F-11D3-BF4B-00C04F79EFBC}") = "Base.BLL", "Base.BLL\Base.BLL.csproj", "{3EEE73D8-FAAD-4BEB-A8D1-5DCEC2B15513}"
EndProject
Project("{FAE04EC0-301F-11D3-BF4B-00C04F79EFBC}") = "Base.DAL", "Base.DAL\Base.DAL.csproj", "{31143AB6-6FB2-4235-9CC6-0C64C875AC48}"
EndProject
Project("{FAE04EC0-301F-11D3-BF4B-00C04F79EFBC}") = "App.BLL", "App.BLL\App.BLL.csproj", "{7B7180A5-495C-4FB3-A745-D079F3756A79}"
EndProject
Project("{FAE04EC0-301F-11D3-BF4B-00C04F79EFBC}") = "App.BLL.DTO", "App.BLL.DTO\App.BLL.DTO.csproj", "{4D3B139B-5989-4D0C-99D0-56CD2A6183E5}"
EndProject
Project("{FAE04EC0-301F-11D3-BF4B-00C04F79EFBC}") = "App.DAL.DTO", "App.DAL.DTO\App.DAL.DTO.csproj", "{3D7D025C-82C3-42FF-BE52-2A8C427FFA55}"
EndProject
Project("{2150E333-8FDC-42A3-9474-1A3956D46DE8}") = "Tests", "Tests", "{6F03F720-D5B9-44EC-ADDF-2542D23C6BD0}"
EndProject
Project("{FAE04EC0-301F-11D3-BF4B-00C04F79EFBC}") = "Tests", "Tests\Tests.csproj", "{2FADBECE-606F-4ABC-8283-1FEC57A9029A}"
EndProject
Global
	GlobalSection(SolutionConfigurationPlatforms) = preSolution
		Debug|Any CPU = Debug|Any CPU
		Release|Any CPU = Release|Any CPU
	EndGlobalSection
	GlobalSection(ProjectConfigurationPlatforms) = postSolution
		{4BDFC74D-9A47-4B34-96B7-0BA1886AD60B}.Debug|Any CPU.ActiveCfg = Debug|Any CPU
		{4BDFC74D-9A47-4B34-96B7-0BA1886AD60B}.Debug|Any CPU.Build.0 = Debug|Any CPU
		{4BDFC74D-9A47-4B34-96B7-0BA1886AD60B}.Release|Any CPU.ActiveCfg = Release|Any CPU
		{4BDFC74D-9A47-4B34-96B7-0BA1886AD60B}.Release|Any CPU.Build.0 = Release|Any CPU
		{E586E073-588F-4F28-A278-70DA153F7DE2}.Debug|Any CPU.ActiveCfg = Debug|Any CPU
		{E586E073-588F-4F28-A278-70DA153F7DE2}.Debug|Any CPU.Build.0 = Debug|Any CPU
		{E586E073-588F-4F28-A278-70DA153F7DE2}.Release|Any CPU.ActiveCfg = Release|Any CPU
		{E586E073-588F-4F28-A278-70DA153F7DE2}.Release|Any CPU.Build.0 = Release|Any CPU
		{FFFB872F-F365-4D67-9C8D-D1AAE5264584}.Debug|Any CPU.ActiveCfg = Debug|Any CPU
		{FFFB872F-F365-4D67-9C8D-D1AAE5264584}.Debug|Any CPU.Build.0 = Debug|Any CPU
		{FFFB872F-F365-4D67-9C8D-D1AAE5264584}.Release|Any CPU.ActiveCfg = Release|Any CPU
		{FFFB872F-F365-4D67-9C8D-D1AAE5264584}.Release|Any CPU.Build.0 = Release|Any CPU
		{DB3587AB-B0E0-4CEF-9A97-17D5CC7B40B5}.Debug|Any CPU.ActiveCfg = Debug|Any CPU
		{DB3587AB-B0E0-4CEF-9A97-17D5CC7B40B5}.Debug|Any CPU.Build.0 = Debug|Any CPU
		{DB3587AB-B0E0-4CEF-9A97-17D5CC7B40B5}.Release|Any CPU.ActiveCfg = Release|Any CPU
		{DB3587AB-B0E0-4CEF-9A97-17D5CC7B40B5}.Release|Any CPU.Build.0 = Release|Any CPU
		{9096E434-3A01-486A-9F8C-8055A384B775}.Debug|Any CPU.ActiveCfg = Debug|Any CPU
		{9096E434-3A01-486A-9F8C-8055A384B775}.Debug|Any CPU.Build.0 = Debug|Any CPU
		{9096E434-3A01-486A-9F8C-8055A384B775}.Release|Any CPU.ActiveCfg = Release|Any CPU
		{9096E434-3A01-486A-9F8C-8055A384B775}.Release|Any CPU.Build.0 = Release|Any CPU
		{7268FC67-2B0F-4946-90E5-288FEB9C22B6}.Debug|Any CPU.ActiveCfg = Debug|Any CPU
		{7268FC67-2B0F-4946-90E5-288FEB9C22B6}.Debug|Any CPU.Build.0 = Debug|Any CPU
		{7268FC67-2B0F-4946-90E5-288FEB9C22B6}.Release|Any CPU.ActiveCfg = Release|Any CPU
		{7268FC67-2B0F-4946-90E5-288FEB9C22B6}.Release|Any CPU.Build.0 = Release|Any CPU
		{19F7D2A7-3C42-40F6-AB5D-EC0879446AE1}.Debug|Any CPU.ActiveCfg = Debug|Any CPU
		{19F7D2A7-3C42-40F6-AB5D-EC0879446AE1}.Debug|Any CPU.Build.0 = Debug|Any CPU
		{19F7D2A7-3C42-40F6-AB5D-EC0879446AE1}.Release|Any CPU.ActiveCfg = Release|Any CPU
		{19F7D2A7-3C42-40F6-AB5D-EC0879446AE1}.Release|Any CPU.Build.0 = Release|Any CPU
		{B13F4AFD-0057-4AD5-8725-A55BF2B1C3DE}.Debug|Any CPU.ActiveCfg = Debug|Any CPU
		{B13F4AFD-0057-4AD5-8725-A55BF2B1C3DE}.Debug|Any CPU.Build.0 = Debug|Any CPU
		{B13F4AFD-0057-4AD5-8725-A55BF2B1C3DE}.Release|Any CPU.ActiveCfg = Release|Any CPU
		{B13F4AFD-0057-4AD5-8725-A55BF2B1C3DE}.Release|Any CPU.Build.0 = Release|Any CPU
		{0D005880-2D17-425A-969A-42DF9590989C}.Debug|Any CPU.ActiveCfg = Debug|Any CPU
		{0D005880-2D17-425A-969A-42DF9590989C}.Debug|Any CPU.Build.0 = Debug|Any CPU
		{0D005880-2D17-425A-969A-42DF9590989C}.Release|Any CPU.ActiveCfg = Release|Any CPU
		{0D005880-2D17-425A-969A-42DF9590989C}.Release|Any CPU.Build.0 = Release|Any CPU
		{7A2528F0-4958-435D-918E-791188822E92}.Debug|Any CPU.ActiveCfg = Debug|Any CPU
		{7A2528F0-4958-435D-918E-791188822E92}.Debug|Any CPU.Build.0 = Debug|Any CPU
		{7A2528F0-4958-435D-918E-791188822E92}.Release|Any CPU.ActiveCfg = Release|Any CPU
		{7A2528F0-4958-435D-918E-791188822E92}.Release|Any CPU.Build.0 = Release|Any CPU
		{F02DA6B1-C939-4E7B-BCC2-244F5069233A}.Debug|Any CPU.ActiveCfg = Debug|Any CPU
		{F02DA6B1-C939-4E7B-BCC2-244F5069233A}.Debug|Any CPU.Build.0 = Debug|Any CPU
		{F02DA6B1-C939-4E7B-BCC2-244F5069233A}.Release|Any CPU.ActiveCfg = Release|Any CPU
		{F02DA6B1-C939-4E7B-BCC2-244F5069233A}.Release|Any CPU.Build.0 = Release|Any CPU
		{EF200465-3B19-4309-A48F-E7C12226A454}.Debug|Any CPU.ActiveCfg = Debug|Any CPU
		{EF200465-3B19-4309-A48F-E7C12226A454}.Debug|Any CPU.Build.0 = Debug|Any CPU
		{EF200465-3B19-4309-A48F-E7C12226A454}.Release|Any CPU.ActiveCfg = Release|Any CPU
		{EF200465-3B19-4309-A48F-E7C12226A454}.Release|Any CPU.Build.0 = Release|Any CPU
		{E49037F6-6193-40ED-A55B-9E1D3584EFDF}.Debug|Any CPU.ActiveCfg = Debug|Any CPU
		{E49037F6-6193-40ED-A55B-9E1D3584EFDF}.Debug|Any CPU.Build.0 = Debug|Any CPU
		{E49037F6-6193-40ED-A55B-9E1D3584EFDF}.Release|Any CPU.ActiveCfg = Release|Any CPU
		{E49037F6-6193-40ED-A55B-9E1D3584EFDF}.Release|Any CPU.Build.0 = Release|Any CPU
		{3EEE73D8-FAAD-4BEB-A8D1-5DCEC2B15513}.Debug|Any CPU.ActiveCfg = Debug|Any CPU
		{3EEE73D8-FAAD-4BEB-A8D1-5DCEC2B15513}.Debug|Any CPU.Build.0 = Debug|Any CPU
		{3EEE73D8-FAAD-4BEB-A8D1-5DCEC2B15513}.Release|Any CPU.ActiveCfg = Release|Any CPU
		{3EEE73D8-FAAD-4BEB-A8D1-5DCEC2B15513}.Release|Any CPU.Build.0 = Release|Any CPU
		{31143AB6-6FB2-4235-9CC6-0C64C875AC48}.Debug|Any CPU.ActiveCfg = Debug|Any CPU
		{31143AB6-6FB2-4235-9CC6-0C64C875AC48}.Debug|Any CPU.Build.0 = Debug|Any CPU
		{31143AB6-6FB2-4235-9CC6-0C64C875AC48}.Release|Any CPU.ActiveCfg = Release|Any CPU
		{31143AB6-6FB2-4235-9CC6-0C64C875AC48}.Release|Any CPU.Build.0 = Release|Any CPU
		{7B7180A5-495C-4FB3-A745-D079F3756A79}.Debug|Any CPU.ActiveCfg = Debug|Any CPU
		{7B7180A5-495C-4FB3-A745-D079F3756A79}.Debug|Any CPU.Build.0 = Debug|Any CPU
		{7B7180A5-495C-4FB3-A745-D079F3756A79}.Release|Any CPU.ActiveCfg = Release|Any CPU
		{7B7180A5-495C-4FB3-A745-D079F3756A79}.Release|Any CPU.Build.0 = Release|Any CPU
		{4D3B139B-5989-4D0C-99D0-56CD2A6183E5}.Debug|Any CPU.ActiveCfg = Debug|Any CPU
		{4D3B139B-5989-4D0C-99D0-56CD2A6183E5}.Debug|Any CPU.Build.0 = Debug|Any CPU
		{4D3B139B-5989-4D0C-99D0-56CD2A6183E5}.Release|Any CPU.ActiveCfg = Release|Any CPU
		{4D3B139B-5989-4D0C-99D0-56CD2A6183E5}.Release|Any CPU.Build.0 = Release|Any CPU
		{3D7D025C-82C3-42FF-BE52-2A8C427FFA55}.Debug|Any CPU.ActiveCfg = Debug|Any CPU
		{3D7D025C-82C3-42FF-BE52-2A8C427FFA55}.Debug|Any CPU.Build.0 = Debug|Any CPU
		{3D7D025C-82C3-42FF-BE52-2A8C427FFA55}.Release|Any CPU.ActiveCfg = Release|Any CPU
		{3D7D025C-82C3-42FF-BE52-2A8C427FFA55}.Release|Any CPU.Build.0 = Release|Any CPU
		{2FADBECE-606F-4ABC-8283-1FEC57A9029A}.Debug|Any CPU.ActiveCfg = Debug|Any CPU
		{2FADBECE-606F-4ABC-8283-1FEC57A9029A}.Debug|Any CPU.Build.0 = Debug|Any CPU
		{2FADBECE-606F-4ABC-8283-1FEC57A9029A}.Release|Any CPU.ActiveCfg = Release|Any CPU
		{2FADBECE-606F-4ABC-8283-1FEC57A9029A}.Release|Any CPU.Build.0 = Release|Any CPU
	EndGlobalSection
	GlobalSection(NestedProjects) = preSolution
		{4BDFC74D-9A47-4B34-96B7-0BA1886AD60B} = {417BD226-6F41-4190-B96C-6E6A37562B32}
		{E586E073-588F-4F28-A278-70DA153F7DE2} = {417BD226-6F41-4190-B96C-6E6A37562B32}
		{FFFB872F-F365-4D67-9C8D-D1AAE5264584} = {417BD226-6F41-4190-B96C-6E6A37562B32}
		{8976FBAD-9DD4-4104-A690-CACF1570293F} = {4D5E24FB-43D7-4A79-A075-B7247E4056FB}
		{DB3587AB-B0E0-4CEF-9A97-17D5CC7B40B5} = {8976FBAD-9DD4-4104-A690-CACF1570293F}
		{9096E434-3A01-486A-9F8C-8055A384B775} = {4D5E24FB-43D7-4A79-A075-B7247E4056FB}
		{7268FC67-2B0F-4946-90E5-288FEB9C22B6} = {8976FBAD-9DD4-4104-A690-CACF1570293F}
		{19F7D2A7-3C42-40F6-AB5D-EC0879446AE1} = {4D5E24FB-43D7-4A79-A075-B7247E4056FB}
		{FA543F4E-0933-4121-AAD0-11BF280C030F} = {417BD226-6F41-4190-B96C-6E6A37562B32}
		{B13F4AFD-0057-4AD5-8725-A55BF2B1C3DE} = {FA543F4E-0933-4121-AAD0-11BF280C030F}
		{0D005880-2D17-425A-969A-42DF9590989C} = {4D5E24FB-43D7-4A79-A075-B7247E4056FB}
		{7A2528F0-4958-435D-918E-791188822E92} = {417BD226-6F41-4190-B96C-6E6A37562B32}
		{F02DA6B1-C939-4E7B-BCC2-244F5069233A} = {FA543F4E-0933-4121-AAD0-11BF280C030F}
		{EF200465-3B19-4309-A48F-E7C12226A454} = {8976FBAD-9DD4-4104-A690-CACF1570293F}
		{E49037F6-6193-40ED-A55B-9E1D3584EFDF} = {8976FBAD-9DD4-4104-A690-CACF1570293F}
		{3EEE73D8-FAAD-4BEB-A8D1-5DCEC2B15513} = {4D5E24FB-43D7-4A79-A075-B7247E4056FB}
		{31143AB6-6FB2-4235-9CC6-0C64C875AC48} = {4D5E24FB-43D7-4A79-A075-B7247E4056FB}
		{7B7180A5-495C-4FB3-A745-D079F3756A79} = {417BD226-6F41-4190-B96C-6E6A37562B32}
		{4D3B139B-5989-4D0C-99D0-56CD2A6183E5} = {417BD226-6F41-4190-B96C-6E6A37562B32}
		{3D7D025C-82C3-42FF-BE52-2A8C427FFA55} = {417BD226-6F41-4190-B96C-6E6A37562B32}
		{2FADBECE-606F-4ABC-8283-1FEC57A9029A} = {6F03F720-D5B9-44EC-ADDF-2542D23C6BD0}
	EndGlobalSection
EndGlobal
